// !$*UTF8*$!
{
	archiveVersion = 1;
	classes = {
	};
	objectVersion = 46;
	objects = {

/* Begin PBXBuildFile section */
		669B0DFB3FAA52F127605B71 /* Pods_Social.framework in Frameworks */ = {isa = PBXBuildFile; fileRef = 62AFB80ADE61E209722092C4 /* Pods_Social.framework */; };
		774B87041EE9D20700B8521C /* AppDelegate.swift in Sources */ = {isa = PBXBuildFile; fileRef = 774B87031EE9D20700B8521C /* AppDelegate.swift */; };
		774B87061EE9D20700B8521C /* SignInVC.swift in Sources */ = {isa = PBXBuildFile; fileRef = 774B87051EE9D20700B8521C /* SignInVC.swift */; };
		774B87091EE9D20700B8521C /* Main.storyboard in Resources */ = {isa = PBXBuildFile; fileRef = 774B87071EE9D20700B8521C /* Main.storyboard */; };
		774B870B1EE9D20700B8521C /* Assets.xcassets in Resources */ = {isa = PBXBuildFile; fileRef = 774B870A1EE9D20700B8521C /* Assets.xcassets */; };
		774B870E1EE9D20700B8521C /* LaunchScreen.storyboard in Resources */ = {isa = PBXBuildFile; fileRef = 774B870C1EE9D20700B8521C /* LaunchScreen.storyboard */; };
		774B87161EE9D23900B8521C /* GoogleService-Info.plist in Resources */ = {isa = PBXBuildFile; fileRef = 774B87151EE9D23900B8521C /* GoogleService-Info.plist */; };
/* End PBXBuildFile section */

/* Begin PBXFileReference section */
		5F30F3DA112ED2434952E6F7 /* Pods-Social.release.xcconfig */ = {isa = PBXFileReference; includeInIndex = 1; lastKnownFileType = text.xcconfig; name = "Pods-Social.release.xcconfig"; path = "Pods/Target Support Files/Pods-Social/Pods-Social.release.xcconfig"; sourceTree = "<group>"; };
		62AFB80ADE61E209722092C4 /* Pods_Social.framework */ = {isa = PBXFileReference; explicitFileType = wrapper.framework; includeInIndex = 0; path = Pods_Social.framework; sourceTree = BUILT_PRODUCTS_DIR; };
		774B87001EE9D20600B8521C /* Social.app */ = {isa = PBXFileReference; explicitFileType = wrapper.application; includeInIndex = 0; path = Social.app; sourceTree = BUILT_PRODUCTS_DIR; };
		774B87031EE9D20700B8521C /* AppDelegate.swift */ = {isa = PBXFileReference; lastKnownFileType = sourcecode.swift; path = AppDelegate.swift; sourceTree = "<group>"; };
		774B87051EE9D20700B8521C /* SignInVC.swift */ = {isa = PBXFileReference; lastKnownFileType = sourcecode.swift; path = SignInVC.swift; sourceTree = "<group>"; };
		774B87081EE9D20700B8521C /* Base */ = {isa = PBXFileReference; lastKnownFileType = file.storyboard; name = Base; path = Base.lproj/Main.storyboard; sourceTree = "<group>"; };
		774B870A1EE9D20700B8521C /* Assets.xcassets */ = {isa = PBXFileReference; lastKnownFileType = folder.assetcatalog; path = Assets.xcassets; sourceTree = "<group>"; };
		774B870D1EE9D20700B8521C /* Base */ = {isa = PBXFileReference; lastKnownFileType = file.storyboard; name = Base; path = Base.lproj/LaunchScreen.storyboard; sourceTree = "<group>"; };
		774B870F1EE9D20700B8521C /* Info.plist */ = {isa = PBXFileReference; lastKnownFileType = text.plist.xml; path = Info.plist; sourceTree = "<group>"; };
		774B87151EE9D23900B8521C /* GoogleService-Info.plist */ = {isa = PBXFileReference; fileEncoding = 4; lastKnownFileType = text.plist.xml; path = "GoogleService-Info.plist"; sourceTree = "<group>"; };
		C3F157A497A8A6CBB545A899 /* Pods-Social.debug.xcconfig */ = {isa = PBXFileReference; includeInIndex = 1; lastKnownFileType = text.xcconfig; name = "Pods-Social.debug.xcconfig"; path = "Pods/Target Support Files/Pods-Social/Pods-Social.debug.xcconfig"; sourceTree = "<group>"; };
/* End PBXFileReference section */

/* Begin PBXFrameworksBuildPhase section */
		774B86FD1EE9D20600B8521C /* Frameworks */ = {
			isa = PBXFrameworksBuildPhase;
			buildActionMask = 2147483647;
			files = (
				669B0DFB3FAA52F127605B71 /* Pods_Social.framework in Frameworks */,
			);
			runOnlyForDeploymentPostprocessing = 0;
		};
/* End PBXFrameworksBuildPhase section */

/* Begin PBXGroup section */
		209AB8ACC71A535889B1C57A /* Pods */ = {
			isa = PBXGroup;
			children = (
				C3F157A497A8A6CBB545A899 /* Pods-Social.debug.xcconfig */,
				5F30F3DA112ED2434952E6F7 /* Pods-Social.release.xcconfig */,
			);
			name = Pods;
			sourceTree = "<group>";
		};
		45E03A2562A431B6519E2625 /* Frameworks */ = {
			isa = PBXGroup;
			children = (
				62AFB80ADE61E209722092C4 /* Pods_Social.framework */,
			);
			name = Frameworks;
			sourceTree = "<group>";
		};
		772D7CF01EE9D8CE00DCDFEE /* Model */ = {
			isa = PBXGroup;
			children = (
			);
			name = Model;
			sourceTree = "<group>";
		};
		772D7CF11EE9D8E200DCDFEE /* View */ = {
			isa = PBXGroup;
			children = (
			);
			name = View;
			sourceTree = "<group>";
		};
		772D7CF21EE9D8F100DCDFEE /* Controller */ = {
			isa = PBXGroup;
			children = (
				774B87051EE9D20700B8521C /* SignInVC.swift */,
			);
			name = Controller;
			sourceTree = "<group>";
		};
		774B86F71EE9D20600B8521C = {
			isa = PBXGroup;
			children = (
				774B87021EE9D20600B8521C /* Social */,
				774B87011EE9D20600B8521C /* Products */,
				209AB8ACC71A535889B1C57A /* Pods */,
				45E03A2562A431B6519E2625 /* Frameworks */,
			);
			sourceTree = "<group>";
		};
		774B87011EE9D20600B8521C /* Products */ = {
			isa = PBXGroup;
			children = (
				774B87001EE9D20600B8521C /* Social.app */,
			);
			name = Products;
			sourceTree = "<group>";
		};
		774B87021EE9D20600B8521C /* Social */ = {
			isa = PBXGroup;
			children = (
				772D7CF21EE9D8F100DCDFEE /* Controller */,
				772D7CF11EE9D8E200DCDFEE /* View */,
				772D7CF01EE9D8CE00DCDFEE /* Model */,
				774B87031EE9D20700B8521C /* AppDelegate.swift */,
				774B87071EE9D20700B8521C /* Main.storyboard */,
				774B870A1EE9D20700B8521C /* Assets.xcassets */,
				774B870C1EE9D20700B8521C /* LaunchScreen.storyboard */,
				774B870F1EE9D20700B8521C /* Info.plist */,
				774B87151EE9D23900B8521C /* GoogleService-Info.plist */,
			);
			path = Social;
			sourceTree = "<group>";
		};
/* End PBXGroup section */

/* Begin PBXNativeTarget section */
		774B86FF1EE9D20600B8521C /* Social */ = {
			isa = PBXNativeTarget;
			buildConfigurationList = 774B87121EE9D20700B8521C /* Build configuration list for PBXNativeTarget "Social" */;
			buildPhases = (
				A827D18EABD299347F0476F0 /* [CP] Check Pods Manifest.lock */,
				774B86FC1EE9D20600B8521C /* Sources */,
				774B86FD1EE9D20600B8521C /* Frameworks */,
				774B86FE1EE9D20600B8521C /* Resources */,
				6CFF6949B8379D889F2C1D84 /* [CP] Embed Pods Frameworks */,
				A1C91511C29042F159405799 /* [CP] Copy Pods Resources */,
			);
			buildRules = (
			);
			dependencies = (
			);
			name = Social;
			productName = Social;
			productReference = 774B87001EE9D20600B8521C /* Social.app */;
			productType = "com.apple.product-type.application";
		};
/* End PBXNativeTarget section */

/* Begin PBXProject section */
		774B86F81EE9D20600B8521C /* Project object */ = {
			isa = PBXProject;
			attributes = {
				LastSwiftUpdateCheck = 0830;
				LastUpgradeCheck = 0830;
				ORGANIZATIONNAME = "Daniel Bacon";
				TargetAttributes = {
					774B86FF1EE9D20600B8521C = {
						CreatedOnToolsVersion = 8.3.3;
						DevelopmentTeam = N22Z2JKA2L;
						ProvisioningStyle = Automatic;
					};
				};
			};
			buildConfigurationList = 774B86FB1EE9D20600B8521C /* Build configuration list for PBXProject "Social" */;
			compatibilityVersion = "Xcode 3.2";
			developmentRegion = English;
			hasScannedForEncodings = 0;
			knownRegions = (
				en,
				Base,
			);
			mainGroup = 774B86F71EE9D20600B8521C;
			productRefGroup = 774B87011EE9D20600B8521C /* Products */;
			projectDirPath = "";
			projectRoot = "";
			targets = (
				774B86FF1EE9D20600B8521C /* Social */,
			);
		};
/* End PBXProject section */

/* Begin PBXResourcesBuildPhase section */
		774B86FE1EE9D20600B8521C /* Resources */ = {
			isa = PBXResourcesBuildPhase;
			buildActionMask = 2147483647;
			files = (
				774B870E1EE9D20700B8521C /* LaunchScreen.storyboard in Resources */,
				774B87161EE9D23900B8521C /* GoogleService-Info.plist in Resources */,
				774B870B1EE9D20700B8521C /* Assets.xcassets in Resources */,
				774B87091EE9D20700B8521C /* Main.storyboard in Resources */,
			);
			runOnlyForDeploymentPostprocessing = 0;
		};
/* End PBXResourcesBuildPhase section */

/* Begin PBXShellScriptBuildPhase section */
		6CFF6949B8379D889F2C1D84 /* [CP] Embed Pods Frameworks */ = {
			isa = PBXShellScriptBuildPhase;
			buildActionMask = 2147483647;
			files = (
			);
			inputPaths = (
			);
			name = "[CP] Embed Pods Frameworks";
			outputPaths = (
			);
			runOnlyForDeploymentPostprocessing = 0;
			shellPath = /bin/sh;
			shellScript = "\"${SRCROOT}/Pods/Target Support Files/Pods-Social/Pods-Social-frameworks.sh\"\n";
			showEnvVarsInLog = 0;
		};
		A1C91511C29042F159405799 /* [CP] Copy Pods Resources */ = {
			isa = PBXShellScriptBuildPhase;
			buildActionMask = 2147483647;
			files = (
			);
			inputPaths = (
			);
			name = "[CP] Copy Pods Resources";
			outputPaths = (
			);
			runOnlyForDeploymentPostprocessing = 0;
			shellPath = /bin/sh;
			shellScript = "\"${SRCROOT}/Pods/Target Support Files/Pods-Social/Pods-Social-resources.sh\"\n";
			showEnvVarsInLog = 0;
		};
		A827D18EABD299347F0476F0 /* [CP] Check Pods Manifest.lock */ = {
			isa = PBXShellScriptBuildPhase;
			buildActionMask = 2147483647;
			files = (
			);
			inputPaths = (
			);
			name = "[CP] Check Pods Manifest.lock";
			outputPaths = (
			);
			runOnlyForDeploymentPostprocessing = 0;
			shellPath = /bin/sh;
			shellScript = "diff \"${PODS_PODFILE_DIR_PATH}/Podfile.lock\" \"${PODS_ROOT}/Manifest.lock\" > /dev/null\nif [ $? != 0 ] ; then\n    # print error to STDERR\n    echo \"error: The sandbox is not in sync with the Podfile.lock. Run 'pod install' or update your CocoaPods installation.\" >&2\n    exit 1\nfi\n";
			showEnvVarsInLog = 0;
		};
/* End PBXShellScriptBuildPhase section */

/* Begin PBXSourcesBuildPhase section */
		774B86FC1EE9D20600B8521C /* Sources */ = {
			isa = PBXSourcesBuildPhase;
			buildActionMask = 2147483647;
			files = (
				774B87061EE9D20700B8521C /* SignInVC.swift in Sources */,
				774B87041EE9D20700B8521C /* AppDelegate.swift in Sources */,
			);
			runOnlyForDeploymentPostprocessing = 0;
		};
/* End PBXSourcesBuildPhase section */

/* Begin PBXVariantGroup section */
		774B87071EE9D20700B8521C /* Main.storyboard */ = {
			isa = PBXVariantGroup;
			children = (
				774B87081EE9D20700B8521C /* Base */,
			);
			name = Main.storyboard;
			sourceTree = "<group>";
		};
		774B870C1EE9D20700B8521C /* LaunchScreen.storyboard */ = {
			isa = PBXVariantGroup;
			children = (
				774B870D1EE9D20700B8521C /* Base */,
			);
			name = LaunchScreen.storyboard;
			sourceTree = "<group>";
		};
/* End PBXVariantGroup section */

/* Begin XCBuildConfiguration section */
		774B87101EE9D20700B8521C /* Debug */ = {
			isa = XCBuildConfiguration;
			buildSettings = {
				ALWAYS_SEARCH_USER_PATHS = NO;
				CLANG_ANALYZER_NONNULL = YES;
				CLANG_ANALYZER_NUMBER_OBJECT_CONVERSION = YES_AGGRESSIVE;
				CLANG_CXX_LANGUAGE_STANDARD = "gnu++0x";
				CLANG_CXX_LIBRARY = "libc++";
				CLANG_ENABLE_MODULES = YES;
				CLANG_ENABLE_OBJC_ARC = YES;
				CLANG_WARN_BOOL_CONVERSION = YES;
				CLANG_WARN_CONSTANT_CONVERSION = YES;
				CLANG_WARN_DIRECT_OBJC_ISA_USAGE = YES_ERROR;
				CLANG_WARN_DOCUMENTATION_COMMENTS = YES;
				CLANG_WARN_EMPTY_BODY = YES;
				CLANG_WARN_ENUM_CONVERSION = YES;
				CLANG_WARN_INFINITE_RECURSION = YES;
				CLANG_WARN_INT_CONVERSION = YES;
				CLANG_WARN_OBJC_ROOT_CLASS = YES_ERROR;
				CLANG_WARN_SUSPICIOUS_MOVE = YES;
				CLANG_WARN_UNREACHABLE_CODE = YES;
				CLANG_WARN__DUPLICATE_METHOD_MATCH = YES;
				"CODE_SIGN_IDENTITY[sdk=iphoneos*]" = "iPhone Developer";
				COPY_PHASE_STRIP = NO;
				DEBUG_INFORMATION_FORMAT = dwarf;
				ENABLE_STRICT_OBJC_MSGSEND = YES;
				ENABLE_TESTABILITY = YES;
				GCC_C_LANGUAGE_STANDARD = gnu99;
				GCC_DYNAMIC_NO_PIC = NO;
				GCC_NO_COMMON_BLOCKS = YES;
				GCC_OPTIMIZATION_LEVEL = 0;
				GCC_PREPROCESSOR_DEFINITIONS = (
					"DEBUG=1",
					"$(inherited)",
				);
				GCC_WARN_64_TO_32_BIT_CONVERSION = YES;
				GCC_WARN_ABOUT_RETURN_TYPE = YES_ERROR;
				GCC_WARN_UNDECLARED_SELECTOR = YES;
				GCC_WARN_UNINITIALIZED_AUTOS = YES_AGGRESSIVE;
				GCC_WARN_UNUSED_FUNCTION = YES;
				GCC_WARN_UNUSED_VARIABLE = YES;
				IPHONEOS_DEPLOYMENT_TARGET = 10.3;
				MTL_ENABLE_DEBUG_INFO = YES;
				ONLY_ACTIVE_ARCH = YES;
				SDKROOT = iphoneos;
				SWIFT_ACTIVE_COMPILATION_CONDITIONS = DEBUG;
				SWIFT_OPTIMIZATION_LEVEL = "-Onone";
				TARGETED_DEVICE_FAMILY = "1,2";
			};
			name = Debug;
		};
		774B87111EE9D20700B8521C /* Release */ = {
			isa = XCBuildConfiguration;
			buildSettings = {
				ALWAYS_SEARCH_USER_PATHS = NO;
				CLANG_ANALYZER_NONNULL = YES;
				CLANG_ANALYZER_NUMBER_OBJECT_CONVERSION = YES_AGGRESSIVE;
				CLANG_CXX_LANGUAGE_STANDARD = "gnu++0x";
				CLANG_CXX_LIBRARY = "libc++";
				CLANG_ENABLE_MODULES = YES;
				CLANG_ENABLE_OBJC_ARC = YES;
				CLANG_WARN_BOOL_CONVERSION = YES;
				CLANG_WARN_CONSTANT_CONVERSION = YES;
				CLANG_WARN_DIRECT_OBJC_ISA_USAGE = YES_ERROR;
				CLANG_WARN_DOCUMENTATION_COMMENTS = YES;
				CLANG_WARN_EMPTY_BODY = YES;
				CLANG_WARN_ENUM_CONVERSION = YES;
				CLANG_WARN_INFINITE_RECURSION = YES;
				CLANG_WARN_INT_CONVERSION = YES;
				CLANG_WARN_OBJC_ROOT_CLASS = YES_ERROR;
				CLANG_WARN_SUSPICIOUS_MOVE = YES;
				CLANG_WARN_UNREACHABLE_CODE = YES;
				CLANG_WARN__DUPLICATE_METHOD_MATCH = YES;
				"CODE_SIGN_IDENTITY[sdk=iphoneos*]" = "iPhone Developer";
				COPY_PHASE_STRIP = NO;
				DEBUG_INFORMATION_FORMAT = "dwarf-with-dsym";
				ENABLE_NS_ASSERTIONS = NO;
				ENABLE_STRICT_OBJC_MSGSEND = YES;
				GCC_C_LANGUAGE_STANDARD = gnu99;
				GCC_NO_COMMON_BLOCKS = YES;
				GCC_WARN_64_TO_32_BIT_CONVERSION = YES;
				GCC_WARN_ABOUT_RETURN_TYPE = YES_ERROR;
				GCC_WARN_UNDECLARED_SELECTOR = YES;
				GCC_WARN_UNINITIALIZED_AUTOS = YES_AGGRESSIVE;
				GCC_WARN_UNUSED_FUNCTION = YES;
				GCC_WARN_UNUSED_VARIABLE = YES;
				IPHONEOS_DEPLOYMENT_TARGET = 10.3;
				MTL_ENABLE_DEBUG_INFO = NO;
				SDKROOT = iphoneos;
				SWIFT_OPTIMIZATION_LEVEL = "-Owholemodule";
				TARGETED_DEVICE_FAMILY = "1,2";
				VALIDATE_PRODUCT = YES;
			};
			name = Release;
		};
		774B87131EE9D20700B8521C /* Debug */ = {
			isa = XCBuildConfiguration;
			baseConfigurationReference = C3F157A497A8A6CBB545A899 /* Pods-Social.debug.xcconfig */;
			buildSettings = {
				ASSETCATALOG_COMPILER_APPICON_NAME = AppIcon;
				DEVELOPMENT_TEAM = N22Z2JKA2L;
				INFOPLIST_FILE = Social/Info.plist;
				LD_RUNPATH_SEARCH_PATHS = "$(inherited) @executable_path/Frameworks";
				PRODUCT_BUNDLE_IDENTIFIER = Bacon.Social;
				PRODUCT_NAME = "$(TARGET_NAME)";
				SWIFT_VERSION = 3.0;
			};
			name = Debug;
		};
		774B87141EE9D20700B8521C /* Release */ = {
			isa = XCBuildConfiguration;
			baseConfigurationReference = 5F30F3DA112ED2434952E6F7 /* Pods-Social.release.xcconfig */;
			buildSettings = {
				ASSETCATALOG_COMPILER_APPICON_NAME = AppIcon;
				DEVELOPMENT_TEAM = N22Z2JKA2L;
				INFOPLIST_FILE = Social/Info.plist;
				LD_RUNPATH_SEARCH_PATHS = "$(inherited) @executable_path/Frameworks";
				PRODUCT_BUNDLE_IDENTIFIER = Bacon.Social;
				PRODUCT_NAME = "$(TARGET_NAME)";
				SWIFT_VERSION = 3.0;
			};
			name = Release;
		};
/* End XCBuildConfiguration section */

/* Begin XCConfigurationList section */
		774B86FB1EE9D20600B8521C /* Build configuration list for PBXProject "Social" */ = {
			isa = XCConfigurationList;
			buildConfigurations = (
				774B87101EE9D20700B8521C /* Debug */,
				774B87111EE9D20700B8521C /* Release */,
			);
			defaultConfigurationIsVisible = 0;
			defaultConfigurationName = Release;
		};
		774B87121EE9D20700B8521C /* Build configuration list for PBXNativeTarget "Social" */ = {
			isa = XCConfigurationList;
			buildConfigurations = (
				774B87131EE9D20700B8521C /* Debug */,
				774B87141EE9D20700B8521C /* Release */,
			);
			defaultConfigurationIsVisible = 0;
			defaultConfigurationName = Release;
		};
/* End XCConfigurationList section */
	};
	rootObject = 774B86F81EE9D20600B8521C /* Project object */;
}
